
Microsoft Visual Studio Solution File, Format Version 12.00
# Visual Studio Version 17
VisualStudioVersion = 17.9.34714.143
MinimumVisualStudioVersion = 10.0.40219.1
Project("{FAE04EC0-301F-11D3-BF4B-00C04F79EFBC}") = "ColdWar", "ColdWar\ColdWar.csproj", "{45EC70D9-01A5-4091-99B0-886D5220B4CD}"
EndProject
Global
	GlobalSection(SolutionConfigurationPlatforms) = preSolution
		Debug|Any CPU = Debug|Any CPU
		Release|Any CPU = Release|Any CPU
	EndGlobalSection
	GlobalSection(ProjectConfigurationPlatforms) = postSolution
		{45EC70D9-01A5-4091-99B0-886D5220B4CD}.Debug|Any CPU.ActiveCfg = Debug|Any CPU
		{45EC70D9-01A5-4091-99B0-886D5220B4CD}.Debug|Any CPU.Build.0 = Debug|Any CPU
		{45EC70D9-01A5-4091-99B0-886D5220B4CD}.Release|Any CPU.ActiveCfg = Release|Any CPU
		{45EC70D9-01A5-4091-99B0-886D5220B4CD}.Release|Any CPU.Build.0 = Release|Any CPU
	EndGlobalSection
	GlobalSection(SolutionProperties) = preSolution
		HideSolutionNode = FALSE
	EndGlobalSection
	GlobalSection(ExtensibilityGlobals) = postSolution
		SolutionGuid = {709A69A6-F43A-4D89-84E1-5469C6722F82}
	EndGlobalSection
EndGlobal
